// !$*UTF8*$!
{
	archiveVersion = 1;
	classes = {
	};
	objectVersion = 51;
	objects = {

/* Begin PBXBuildFile section */
		1B91374AFCFEC33BF251F3BA /* Pods_ZapierTestApp.framework in Frameworks */ = {isa = PBXBuildFile; fileRef = FA8B3C51EE64385CFAA4A324 /* Pods_ZapierTestApp.framework */; };
		7EF6B1BB23EC55360059D872 /* AppDelegate.swift in Sources */ = {isa = PBXBuildFile; fileRef = 7EF6B1BA23EC55360059D872 /* AppDelegate.swift */; };
		7EF6B1BD23EC55360059D872 /* SceneDelegate.swift in Sources */ = {isa = PBXBuildFile; fileRef = 7EF6B1BC23EC55360059D872 /* SceneDelegate.swift */; };
		7EF6B1BF23EC55360059D872 /* ViewController.swift in Sources */ = {isa = PBXBuildFile; fileRef = 7EF6B1BE23EC55360059D872 /* ViewController.swift */; };
		7EF6B1C223EC55360059D872 /* Main.storyboard in Resources */ = {isa = PBXBuildFile; fileRef = 7EF6B1C023EC55360059D872 /* Main.storyboard */; };
		7EF6B1C423EC553F0059D872 /* Assets.xcassets in Resources */ = {isa = PBXBuildFile; fileRef = 7EF6B1C323EC553F0059D872 /* Assets.xcassets */; };
		7EF6B1C723EC553F0059D872 /* LaunchScreen.storyboard in Resources */ = {isa = PBXBuildFile; fileRef = 7EF6B1C523EC553F0059D872 /* LaunchScreen.storyboard */; };
		7EF6B1D123EC8B870059D872 /* DniViewController.swift in Sources */ = {isa = PBXBuildFile; fileRef = 7EF6B1D023EC8B870059D872 /* DniViewController.swift */; };
		7EF6B1D323EC99D00059D872 /* GoogleService-Info.plist in Resources */ = {isa = PBXBuildFile; fileRef = 7EF6B1D223EC99CF0059D872 /* GoogleService-Info.plist */; };
/* End PBXBuildFile section */

/* Begin PBXFileReference section */
		059016BC3C354479EC9436E0 /* Pods-ZapierTestApp.debug.xcconfig */ = {isa = PBXFileReference; includeInIndex = 1; lastKnownFileType = text.xcconfig; name = "Pods-ZapierTestApp.debug.xcconfig"; path = "Target Support Files/Pods-ZapierTestApp/Pods-ZapierTestApp.debug.xcconfig"; sourceTree = "<group>"; };
		7EF6B1B723EC55360059D872 /* ZapierTestApp.app */ = {isa = PBXFileReference; explicitFileType = wrapper.application; includeInIndex = 0; path = ZapierTestApp.app; sourceTree = BUILT_PRODUCTS_DIR; };
		7EF6B1BA23EC55360059D872 /* AppDelegate.swift */ = {isa = PBXFileReference; lastKnownFileType = sourcecode.swift; path = AppDelegate.swift; sourceTree = "<group>"; };
		7EF6B1BC23EC55360059D872 /* SceneDelegate.swift */ = {isa = PBXFileReference; lastKnownFileType = sourcecode.swift; path = SceneDelegate.swift; sourceTree = "<group>"; };
		7EF6B1BE23EC55360059D872 /* ViewController.swift */ = {isa = PBXFileReference; lastKnownFileType = sourcecode.swift; path = ViewController.swift; sourceTree = "<group>"; };
		7EF6B1C123EC55360059D872 /* Base */ = {isa = PBXFileReference; lastKnownFileType = file.storyboard; name = Base; path = Base.lproj/Main.storyboard; sourceTree = "<group>"; };
		7EF6B1C323EC553F0059D872 /* Assets.xcassets */ = {isa = PBXFileReference; lastKnownFileType = folder.assetcatalog; path = Assets.xcassets; sourceTree = "<group>"; };
		7EF6B1C623EC553F0059D872 /* Base */ = {isa = PBXFileReference; lastKnownFileType = file.storyboard; name = Base; path = Base.lproj/LaunchScreen.storyboard; sourceTree = "<group>"; };
		7EF6B1C823EC553F0059D872 /* Info.plist */ = {isa = PBXFileReference; lastKnownFileType = text.plist.xml; path = Info.plist; sourceTree = "<group>"; };
		7EF6B1D023EC8B870059D872 /* DniViewController.swift */ = {isa = PBXFileReference; lastKnownFileType = sourcecode.swift; path = DniViewController.swift; sourceTree = "<group>"; };
		7EF6B1D223EC99CF0059D872 /* GoogleService-Info.plist */ = {isa = PBXFileReference; fileEncoding = 4; lastKnownFileType = text.plist.xml; path = "GoogleService-Info.plist"; sourceTree = "<group>"; };
		99D95F8687B6316D67AC4F69 /* Pods-ZapierTestApp.release.xcconfig */ = {isa = PBXFileReference; includeInIndex = 1; lastKnownFileType = text.xcconfig; name = "Pods-ZapierTestApp.release.xcconfig"; path = "Target Support Files/Pods-ZapierTestApp/Pods-ZapierTestApp.release.xcconfig"; sourceTree = "<group>"; };
		FA8B3C51EE64385CFAA4A324 /* Pods_ZapierTestApp.framework */ = {isa = PBXFileReference; explicitFileType = wrapper.framework; includeInIndex = 0; path = Pods_ZapierTestApp.framework; sourceTree = BUILT_PRODUCTS_DIR; };
/* End PBXFileReference section */

/* Begin PBXFrameworksBuildPhase section */
		7EF6B1B423EC55360059D872 /* Frameworks */ = {
			isa = PBXFrameworksBuildPhase;
			buildActionMask = 2147483647;
			files = (
				1B91374AFCFEC33BF251F3BA /* Pods_ZapierTestApp.framework in Frameworks */,
			);
			runOnlyForDeploymentPostprocessing = 0;
		};
/* End PBXFrameworksBuildPhase section */

/* Begin PBXGroup section */
		35C400BCDF2B237B852CBCE8 /* Frameworks */ = {
			isa = PBXGroup;
			children = (
				FA8B3C51EE64385CFAA4A324 /* Pods_ZapierTestApp.framework */,
			);
			name = Frameworks;
			sourceTree = "<group>";
		};
		7BC9F8B16AAEC2D01A1C2108 /* Pods */ = {
			isa = PBXGroup;
			children = (
				059016BC3C354479EC9436E0 /* Pods-ZapierTestApp.debug.xcconfig */,
				99D95F8687B6316D67AC4F69 /* Pods-ZapierTestApp.release.xcconfig */,
			);
			path = Pods;
			sourceTree = "<group>";
		};
		7EF6B1AE23EC55360059D872 = {
			isa = PBXGroup;
			children = (
				7EF6B1B923EC55360059D872 /* ZapierTestApp */,
				7EF6B1B823EC55360059D872 /* Products */,
				7BC9F8B16AAEC2D01A1C2108 /* Pods */,
				35C400BCDF2B237B852CBCE8 /* Frameworks */,
			);
			sourceTree = "<group>";
		};
		7EF6B1B823EC55360059D872 /* Products */ = {
			isa = PBXGroup;
			children = (
				7EF6B1B723EC55360059D872 /* ZapierTestApp.app */,
			);
			name = Products;
			sourceTree = "<group>";
		};
		7EF6B1B923EC55360059D872 /* ZapierTestApp */ = {
			isa = PBXGroup;
			children = (
				7EF6B1D223EC99CF0059D872 /* GoogleService-Info.plist */,
				7EF6B1BA23EC55360059D872 /* AppDelegate.swift */,
				7EF6B1BC23EC55360059D872 /* SceneDelegate.swift */,
				7EF6B1BE23EC55360059D872 /* ViewController.swift */,
				7EF6B1C023EC55360059D872 /* Main.storyboard */,
				7EF6B1C323EC553F0059D872 /* Assets.xcassets */,
				7EF6B1C523EC553F0059D872 /* LaunchScreen.storyboard */,
				7EF6B1C823EC553F0059D872 /* Info.plist */,
				7EF6B1D023EC8B870059D872 /* DniViewController.swift */,
			);
			path = ZapierTestApp;
			sourceTree = "<group>";
		};
/* End PBXGroup section */

/* Begin PBXNativeTarget section */
		7EF6B1B623EC55360059D872 /* ZapierTestApp */ = {
			isa = PBXNativeTarget;
			buildConfigurationList = 7EF6B1CB23EC553F0059D872 /* Build configuration list for PBXNativeTarget "ZapierTestApp" */;
			buildPhases = (
				94EA1338F5B01AA0458A5D13 /* [CP] Check Pods Manifest.lock */,
				7EF6B1B323EC55360059D872 /* Sources */,
				7EF6B1B423EC55360059D872 /* Frameworks */,
				7EF6B1B523EC55360059D872 /* Resources */,
				BE15109D5AD221D8F6049F79 /* [CP] Embed Pods Frameworks */,
				F500C56EB42A226ED30BC3BB /* [CP] Copy Pods Resources */,
			);
			buildRules = (
			);
			dependencies = (
			);
			name = ZapierTestApp;
			productName = ZapierTestApp;
			productReference = 7EF6B1B723EC55360059D872 /* ZapierTestApp.app */;
			productType = "com.apple.product-type.application";
		};
/* End PBXNativeTarget section */

/* Begin PBXProject section */
		7EF6B1AF23EC55360059D872 /* Project object */ = {
			isa = PBXProject;
			attributes = {
				LastSwiftUpdateCheck = 1130;
				LastUpgradeCheck = 1130;
				ORGANIZATIONNAME = tobiaslewinzon;
				TargetAttributes = {
					7EF6B1B623EC55360059D872 = {
						CreatedOnToolsVersion = 11.3;
					};
				};
			};
			buildConfigurationList = 7EF6B1B223EC55360059D872 /* Build configuration list for PBXProject "ZapierTestApp" */;
			compatibilityVersion = "Xcode 9.3";
			developmentRegion = en;
			hasScannedForEncodings = 0;
			knownRegions = (
				en,
				Base,
			);
			mainGroup = 7EF6B1AE23EC55360059D872;
			productRefGroup = 7EF6B1B823EC55360059D872 /* Products */;
			projectDirPath = "";
			projectRoot = "";
			targets = (
				7EF6B1B623EC55360059D872 /* ZapierTestApp */,
			);
		};
/* End PBXProject section */

/* Begin PBXResourcesBuildPhase section */
		7EF6B1B523EC55360059D872 /* Resources */ = {
			isa = PBXResourcesBuildPhase;
			buildActionMask = 2147483647;
			files = (
				7EF6B1C723EC553F0059D872 /* LaunchScreen.storyboard in Resources */,
				7EF6B1D323EC99D00059D872 /* GoogleService-Info.plist in Resources */,
				7EF6B1C423EC553F0059D872 /* Assets.xcassets in Resources */,
				7EF6B1C223EC55360059D872 /* Main.storyboard in Resources */,
			);
			runOnlyForDeploymentPostprocessing = 0;
		};
/* End PBXResourcesBuildPhase section */

/* Begin PBXShellScriptBuildPhase section */
		94EA1338F5B01AA0458A5D13 /* [CP] Check Pods Manifest.lock */ = {
			isa = PBXShellScriptBuildPhase;
			buildActionMask = 2147483647;
			files = (
			);
			inputFileListPaths = (
			);
			inputPaths = (
				"${PODS_PODFILE_DIR_PATH}/Podfile.lock",
				"${PODS_ROOT}/Manifest.lock",
			);
			name = "[CP] Check Pods Manifest.lock";
			outputFileListPaths = (
			);
			outputPaths = (
				"$(DERIVED_FILE_DIR)/Pods-ZapierTestApp-checkManifestLockResult.txt",
			);
			runOnlyForDeploymentPostprocessing = 0;
			shellPath = /bin/sh;
			shellScript = "diff \"${PODS_PODFILE_DIR_PATH}/Podfile.lock\" \"${PODS_ROOT}/Manifest.lock\" > /dev/null\nif [ $? != 0 ] ; then\n    # print error to STDERR\n    echo \"error: The sandbox is not in sync with the Podfile.lock. Run 'pod install' or update your CocoaPods installation.\" >&2\n    exit 1\nfi\n# This output is used by Xcode 'outputs' to avoid re-running this script phase.\necho \"SUCCESS\" > \"${SCRIPT_OUTPUT_FILE_0}\"\n";
			showEnvVarsInLog = 0;
		};
		BE15109D5AD221D8F6049F79 /* [CP] Embed Pods Frameworks */ = {
			isa = PBXShellScriptBuildPhase;
			buildActionMask = 2147483647;
			files = (
			);
			inputFileListPaths = (
				"${PODS_ROOT}/Target Support Files/Pods-ZapierTestApp/Pods-ZapierTestApp-frameworks-${CONFIGURATION}-input-files.xcfilelist",
			);
			name = "[CP] Embed Pods Frameworks";
			outputFileListPaths = (
				"${PODS_ROOT}/Target Support Files/Pods-ZapierTestApp/Pods-ZapierTestApp-frameworks-${CONFIGURATION}-output-files.xcfilelist",
			);
			runOnlyForDeploymentPostprocessing = 0;
			shellPath = /bin/sh;
			shellScript = "\"${PODS_ROOT}/Target Support Files/Pods-ZapierTestApp/Pods-ZapierTestApp-frameworks.sh\"\n";
			showEnvVarsInLog = 0;
		};
		F500C56EB42A226ED30BC3BB /* [CP] Copy Pods Resources */ = {
			isa = PBXShellScriptBuildPhase;
			buildActionMask = 2147483647;
			files = (
			);
			inputFileListPaths = (
				"${PODS_ROOT}/Target Support Files/Pods-ZapierTestApp/Pods-ZapierTestApp-resources-${CONFIGURATION}-input-files.xcfilelist",
			);
			name = "[CP] Copy Pods Resources";
			outputFileListPaths = (
				"${PODS_ROOT}/Target Support Files/Pods-ZapierTestApp/Pods-ZapierTestApp-resources-${CONFIGURATION}-output-files.xcfilelist",
			);
			runOnlyForDeploymentPostprocessing = 0;
			shellPath = /bin/sh;
			shellScript = "\"${PODS_ROOT}/Target Support Files/Pods-ZapierTestApp/Pods-ZapierTestApp-resources.sh\"\n";
			showEnvVarsInLog = 0;
		};
/* End PBXShellScriptBuildPhase section */

/* Begin PBXSourcesBuildPhase section */
		7EF6B1B323EC55360059D872 /* Sources */ = {
			isa = PBXSourcesBuildPhase;
			buildActionMask = 2147483647;
			files = (
				7EF6B1D123EC8B870059D872 /* DniViewController.swift in Sources */,
				7EF6B1BF23EC55360059D872 /* ViewController.swift in Sources */,
				7EF6B1BB23EC55360059D872 /* AppDelegate.swift in Sources */,
				7EF6B1BD23EC55360059D872 /* SceneDelegate.swift in Sources */,
			);
			runOnlyForDeploymentPostprocessing = 0;
		};
/* End PBXSourcesBuildPhase section */

/* Begin PBXVariantGroup section */
		7EF6B1C023EC55360059D872 /* Main.storyboard */ = {
			isa = PBXVariantGroup;
			children = (
				7EF6B1C123EC55360059D872 /* Base */,
			);
			name = Main.storyboard;
			sourceTree = "<group>";
		};
		7EF6B1C523EC553F0059D872 /* LaunchScreen.storyboard */ = {
			isa = PBXVariantGroup;
			children = (
				7EF6B1C623EC553F0059D872 /* Base */,
			);
			name = LaunchScreen.storyboard;
			sourceTree = "<group>";
		};
/* End PBXVariantGroup section */

/* Begin XCBuildConfiguration section */
		7EF6B1C923EC553F0059D872 /* Debug */ = {
			isa = XCBuildConfiguration;
			buildSettings = {
				ALWAYS_SEARCH_USER_PATHS = NO;
				CLANG_ANALYZER_NONNULL = YES;
				CLANG_ANALYZER_NUMBER_OBJECT_CONVERSION = YES_AGGRESSIVE;
				CLANG_CXX_LANGUAGE_STANDARD = "gnu++14";
				CLANG_CXX_LIBRARY = "libc++";
				CLANG_ENABLE_MODULES = YES;
				CLANG_ENABLE_OBJC_ARC = YES;
				CLANG_ENABLE_OBJC_WEAK = YES;
				CLANG_WARN_BLOCK_CAPTURE_AUTORELEASING = YES;
				CLANG_WARN_BOOL_CONVERSION = YES;
				CLANG_WARN_COMMA = YES;
				CLANG_WARN_CONSTANT_CONVERSION = YES;
				CLANG_WARN_DEPRECATED_OBJC_IMPLEMENTATIONS = YES;
				CLANG_WARN_DIRECT_OBJC_ISA_USAGE = YES_ERROR;
				CLANG_WARN_DOCUMENTATION_COMMENTS = YES;
				CLANG_WARN_EMPTY_BODY = YES;
				CLANG_WARN_ENUM_CONVERSION = YES;
				CLANG_WARN_INFINITE_RECURSION = YES;
				CLANG_WARN_INT_CONVERSION = YES;
				CLANG_WARN_NON_LITERAL_NULL_CONVERSION = YES;
				CLANG_WARN_OBJC_IMPLICIT_RETAIN_SELF = YES;
				CLANG_WARN_OBJC_LITERAL_CONVERSION = YES;
				CLANG_WARN_OBJC_ROOT_CLASS = YES_ERROR;
				CLANG_WARN_RANGE_LOOP_ANALYSIS = YES;
				CLANG_WARN_STRICT_PROTOTYPES = YES;
				CLANG_WARN_SUSPICIOUS_MOVE = YES;
				CLANG_WARN_UNGUARDED_AVAILABILITY = YES_AGGRESSIVE;
				CLANG_WARN_UNREACHABLE_CODE = YES;
				CLANG_WARN__DUPLICATE_METHOD_MATCH = YES;
				COPY_PHASE_STRIP = NO;
				DEBUG_INFORMATION_FORMAT = dwarf;
				ENABLE_STRICT_OBJC_MSGSEND = YES;
				ENABLE_TESTABILITY = YES;
				GCC_C_LANGUAGE_STANDARD = gnu11;
				GCC_DYNAMIC_NO_PIC = NO;
				GCC_NO_COMMON_BLOCKS = YES;
				GCC_OPTIMIZATION_LEVEL = 0;
				GCC_PREPROCESSOR_DEFINITIONS = (
					"DEBUG=1",
					"$(inherited)",
				);
				GCC_WARN_64_TO_32_BIT_CONVERSION = YES;
				GCC_WARN_ABOUT_RETURN_TYPE = YES_ERROR;
				GCC_WARN_UNDECLARED_SELECTOR = YES;
				GCC_WARN_UNINITIALIZED_AUTOS = YES_AGGRESSIVE;
				GCC_WARN_UNUSED_FUNCTION = YES;
				GCC_WARN_UNUSED_VARIABLE = YES;
				IPHONEOS_DEPLOYMENT_TARGET = 13.2;
				MTL_ENABLE_DEBUG_INFO = INCLUDE_SOURCE;
				MTL_FAST_MATH = YES;
				ONLY_ACTIVE_ARCH = YES;
				SDKROOT = iphoneos;
				SWIFT_ACTIVE_COMPILATION_CONDITIONS = DEBUG;
				SWIFT_OPTIMIZATION_LEVEL = "-Onone";
			};
			name = Debug;
		};
		7EF6B1CA23EC553F0059D872 /* Release */ = {
			isa = XCBuildConfiguration;
			buildSettings = {
				ALWAYS_SEARCH_USER_PATHS = NO;
				CLANG_ANALYZER_NONNULL = YES;
				CLANG_ANALYZER_NUMBER_OBJECT_CONVERSION = YES_AGGRESSIVE;
				CLANG_CXX_LANGUAGE_STANDARD = "gnu++14";
				CLANG_CXX_LIBRARY = "libc++";
				CLANG_ENABLE_MODULES = YES;
				CLANG_ENABLE_OBJC_ARC = YES;
				CLANG_ENABLE_OBJC_WEAK = YES;
				CLANG_WARN_BLOCK_CAPTURE_AUTORELEASING = YES;
				CLANG_WARN_BOOL_CONVERSION = YES;
				CLANG_WARN_COMMA = YES;
				CLANG_WARN_CONSTANT_CONVERSION = YES;
				CLANG_WARN_DEPRECATED_OBJC_IMPLEMENTATIONS = YES;
				CLANG_WARN_DIRECT_OBJC_ISA_USAGE = YES_ERROR;
				CLANG_WARN_DOCUMENTATION_COMMENTS = YES;
				CLANG_WARN_EMPTY_BODY = YES;
				CLANG_WARN_ENUM_CONVERSION = YES;
				CLANG_WARN_INFINITE_RECURSION = YES;
				CLANG_WARN_INT_CONVERSION = YES;
				CLANG_WARN_NON_LITERAL_NULL_CONVERSION = YES;
				CLANG_WARN_OBJC_IMPLICIT_RETAIN_SELF = YES;
				CLANG_WARN_OBJC_LITERAL_CONVERSION = YES;
				CLANG_WARN_OBJC_ROOT_CLASS = YES_ERROR;
				CLANG_WARN_RANGE_LOOP_ANALYSIS = YES;
				CLANG_WARN_STRICT_PROTOTYPES = YES;
				CLANG_WARN_SUSPICIOUS_MOVE = YES;
				CLANG_WARN_UNGUARDED_AVAILABILITY = YES_AGGRESSIVE;
				CLANG_WARN_UNREACHABLE_CODE = YES;
				CLANG_WARN__DUPLICATE_METHOD_MATCH = YES;
				COPY_PHASE_STRIP = NO;
				DEBUG_INFORMATION_FORMAT = "dwarf-with-dsym";
				ENABLE_NS_ASSERTIONS = NO;
				ENABLE_STRICT_OBJC_MSGSEND = YES;
				GCC_C_LANGUAGE_STANDARD = gnu11;
				GCC_NO_COMMON_BLOCKS = YES;
				GCC_WARN_64_TO_32_BIT_CONVERSION = YES;
				GCC_WARN_ABOUT_RETURN_TYPE = YES_ERROR;
				GCC_WARN_UNDECLARED_SELECTOR = YES;
				GCC_WARN_UNINITIALIZED_AUTOS = YES_AGGRESSIVE;
				GCC_WARN_UNUSED_FUNCTION = YES;
				GCC_WARN_UNUSED_VARIABLE = YES;
				IPHONEOS_DEPLOYMENT_TARGET = 13.2;
				MTL_ENABLE_DEBUG_INFO = NO;
				MTL_FAST_MATH = YES;
				SDKROOT = iphoneos;
				SWIFT_COMPILATION_MODE = wholemodule;
				SWIFT_OPTIMIZATION_LEVEL = "-O";
				VALIDATE_PRODUCT = YES;
			};
			name = Release;
		};
		7EF6B1CC23EC553F0059D872 /* Debug */ = {
			isa = XCBuildConfiguration;
			baseConfigurationReference = 059016BC3C354479EC9436E0 /* Pods-ZapierTestApp.debug.xcconfig */;
			buildSettings = {
				ASSETCATALOG_COMPILER_APPICON_NAME = AppIcon;
				CODE_SIGN_STYLE = Automatic;
				DEVELOPMENT_TEAM = G26U3W38S4;
				INFOPLIST_FILE = ZapierTestApp/Info.plist;
				LD_RUNPATH_SEARCH_PATHS = (
					"$(inherited)",
					"@executable_path/Frameworks",
				);
				PRODUCT_BUNDLE_IDENTIFIER = com.tobiaslewinzon.ZapierTestApp;
				PRODUCT_NAME = "$(TARGET_NAME)";
				SWIFT_VERSION = 5.0;
				TARGETED_DEVICE_FAMILY = "1,2";
			};
			name = Debug;
		};
		7EF6B1CD23EC553F0059D872 /* Release */ = {
			isa = XCBuildConfiguration;
			baseConfigurationReference = 99D95F8687B6316D67AC4F69 /* Pods-ZapierTestApp.release.xcconfig */;
			buildSettings = {
				ASSETCATALOG_COMPILER_APPICON_NAME = AppIcon;
				CODE_SIGN_STYLE = Automatic;
				DEVELOPMENT_TEAM = G26U3W38S4;
				INFOPLIST_FILE = ZapierTestApp/Info.plist;
				LD_RUNPATH_SEARCH_PATHS = (
					"$(inherited)",
					"@executable_path/Frameworks",
				);
				PRODUCT_BUNDLE_IDENTIFIER = com.tobiaslewinzon.ZapierTestApp;
				PRODUCT_NAME = "$(TARGET_NAME)";
				SWIFT_VERSION = 5.0;
				TARGETED_DEVICE_FAMILY = "1,2";
			};
			name = Release;
		};
/* End XCBuildConfiguration section */

/* Begin XCConfigurationList section */
		7EF6B1B223EC55360059D872 /* Build configuration list for PBXProject "ZapierTestApp" */ = {
			isa = XCConfigurationList;
			buildConfigurations = (
				7EF6B1C923EC553F0059D872 /* Debug */,
				7EF6B1CA23EC553F0059D872 /* Release */,
			);
			defaultConfigurationIsVisible = 0;
			defaultConfigurationName = Release;
		};
		7EF6B1CB23EC553F0059D872 /* Build configuration list for PBXNativeTarget "ZapierTestApp" */ = {
			isa = XCConfigurationList;
			buildConfigurations = (
				7EF6B1CC23EC553F0059D872 /* Debug */,
				7EF6B1CD23EC553F0059D872 /* Release */,
			);
			defaultConfigurationIsVisible = 0;
			defaultConfigurationName = Release;
		};
/* End XCConfigurationList section */
	};
	rootObject = 7EF6B1AF23EC55360059D872 /* Project object */;
}
